// !$*UTF8*$!
{
	archiveVersion = 1;
	classes = {
	};
	objectVersion = 46;
	objects = {

/* Begin PBXBuildFile section */
		D9208CE21D075029009E4C6F /* CompanyTableViewController.swift in Sources */ = {isa = PBXBuildFile; fileRef = D9208CE11D075029009E4C6F /* CompanyTableViewController.swift */; };
		D9208CE41D075511009E4C6F /* BuildingTableViewController.swift in Sources */ = {isa = PBXBuildFile; fileRef = D9208CE31D075511009E4C6F /* BuildingTableViewController.swift */; };
		D9208CE61D07551D009E4C6F /* DepartmentTableViewController.swift in Sources */ = {isa = PBXBuildFile; fileRef = D9208CE51D07551D009E4C6F /* DepartmentTableViewController.swift */; };
		D937FAD31D061BDD008598DC /* LocationTableViewCell.swift in Sources */ = {isa = PBXBuildFile; fileRef = D937FAD21D061BDD008598DC /* LocationTableViewCell.swift */; };
		D937FAD51D070500008598DC /* CityTableViewController.swift in Sources */ = {isa = PBXBuildFile; fileRef = D937FAD41D070500008598DC /* CityTableViewController.swift */; };
		D9906E2B1D11A101009F8B36 /* MailViewController.swift in Sources */ = {isa = PBXBuildFile; fileRef = D9906E2A1D11A101009F8B36 /* MailViewController.swift */; };
		D9A4D3B71D08584700931AB6 /* LawsonTableViewController.swift in Sources */ = {isa = PBXBuildFile; fileRef = D9A4D3B61D08584700931AB6 /* LawsonTableViewController.swift */; };
		D9D4C9A31CFCCA2E000591D5 /* DeviceInfoViewController.swift in Sources */ = {isa = PBXBuildFile; fileRef = D9D4C9A21CFCCA2E000591D5 /* DeviceInfoViewController.swift */; };
		D9D4C9A71CFCDB92000591D5 /* Captuvo in Resources */ = {isa = PBXBuildFile; fileRef = D9D4C9A61CFCDB92000591D5 /* Captuvo */; };
		D9D4C9A81CFCDB92000591D5 /* Captuvo in Resources */ = {isa = PBXBuildFile; fileRef = D9D4C9A61CFCDB92000591D5 /* Captuvo */; };
		D9D4C9AA1CFCDEB1000591D5 /* libCaptuvoSDK.a in Frameworks */ = {isa = PBXBuildFile; fileRef = D9D4C9A91CFCDEB1000591D5 /* libCaptuvoSDK.a */; };
		D9D4C9AC1CFCDF45000591D5 /* ExternalAccessory.framework in Frameworks */ = {isa = PBXBuildFile; fileRef = D9D4C9AB1CFCDF45000591D5 /* ExternalAccessory.framework */; };
		D9D6F1651D09F17100A1D959 /* SessionTableViewCell.swift in Sources */ = {isa = PBXBuildFile; fileRef = D9D6F1641D09F17100A1D959 /* SessionTableViewCell.swift */; };
		D9E59EC21D09E5BA00B87C3E /* SessionTableViewController.swift in Sources */ = {isa = PBXBuildFile; fileRef = D9E59EC11D09E5BA00B87C3E /* SessionTableViewController.swift */; };
		D9E59EC41D09E85100B87C3E /* Session.swift in Sources */ = {isa = PBXBuildFile; fileRef = D9E59EC31D09E85100B87C3E /* Session.swift */; };
		D9FA84EF1CF8A616009C5ECC /* AppDelegate.swift in Sources */ = {isa = PBXBuildFile; fileRef = D9FA84EE1CF8A616009C5ECC /* AppDelegate.swift */; };
		D9FA84F11CF8A616009C5ECC /* ViewController.swift in Sources */ = {isa = PBXBuildFile; fileRef = D9FA84F01CF8A616009C5ECC /* ViewController.swift */; };
		D9FA84F41CF8A616009C5ECC /* Main.storyboard in Resources */ = {isa = PBXBuildFile; fileRef = D9FA84F21CF8A616009C5ECC /* Main.storyboard */; };
		D9FA84F61CF8A616009C5ECC /* Assets.xcassets in Resources */ = {isa = PBXBuildFile; fileRef = D9FA84F51CF8A616009C5ECC /* Assets.xcassets */; };
		D9FA84F91CF8A616009C5ECC /* LaunchScreen.storyboard in Resources */ = {isa = PBXBuildFile; fileRef = D9FA84F71CF8A616009C5ECC /* LaunchScreen.storyboard */; };
		D9FA85041CF8A616009C5ECC /* Quick_ScanTests.swift in Sources */ = {isa = PBXBuildFile; fileRef = D9FA85031CF8A616009C5ECC /* Quick_ScanTests.swift */; };
		D9FA850F1CF8CE4E009C5ECC /* Device.swift in Sources */ = {isa = PBXBuildFile; fileRef = D9FA850E1CF8CE4E009C5ECC /* Device.swift */; };
		D9FA85131CF8ECAB009C5ECC /* DeviceTableViewController.swift in Sources */ = {isa = PBXBuildFile; fileRef = D9FA85121CF8ECAB009C5ECC /* DeviceTableViewController.swift */; };
		D9FA85151CF8F584009C5ECC /* DeviceTableViewCell.swift in Sources */ = {isa = PBXBuildFile; fileRef = D9FA85141CF8F584009C5ECC /* DeviceTableViewCell.swift */; };
/* End PBXBuildFile section */

/* Begin PBXContainerItemProxy section */
		D9FA85001CF8A616009C5ECC /* PBXContainerItemProxy */ = {
			isa = PBXContainerItemProxy;
			containerPortal = D9FA84E31CF8A616009C5ECC /* Project object */;
			proxyType = 1;
			remoteGlobalIDString = D9FA84EA1CF8A616009C5ECC;
			remoteInfo = "Quick Scan";
		};
/* End PBXContainerItemProxy section */

/* Begin PBXFileReference section */
		D9208CE11D075029009E4C6F /* CompanyTableViewController.swift */ = {isa = PBXFileReference; fileEncoding = 4; lastKnownFileType = sourcecode.swift; path = CompanyTableViewController.swift; sourceTree = "<group>"; };
		D9208CE31D075511009E4C6F /* BuildingTableViewController.swift */ = {isa = PBXFileReference; fileEncoding = 4; lastKnownFileType = sourcecode.swift; path = BuildingTableViewController.swift; sourceTree = "<group>"; };
		D9208CE51D07551D009E4C6F /* DepartmentTableViewController.swift */ = {isa = PBXFileReference; fileEncoding = 4; lastKnownFileType = sourcecode.swift; path = DepartmentTableViewController.swift; sourceTree = "<group>"; };
		D924F08D1CFDFBE600D0BB6D /* Captuvo.h */ = {isa = PBXFileReference; fileEncoding = 4; lastKnownFileType = sourcecode.c.h; path = Captuvo.h; sourceTree = "<group>"; };
		D937FAD21D061BDD008598DC /* LocationTableViewCell.swift */ = {isa = PBXFileReference; fileEncoding = 4; lastKnownFileType = sourcecode.swift; path = LocationTableViewCell.swift; sourceTree = "<group>"; };
		D937FAD41D070500008598DC /* CityTableViewController.swift */ = {isa = PBXFileReference; fileEncoding = 4; lastKnownFileType = sourcecode.swift; path = CityTableViewController.swift; sourceTree = "<group>"; };
		D9906E2A1D11A101009F8B36 /* MailViewController.swift */ = {isa = PBXFileReference; fileEncoding = 4; lastKnownFileType = sourcecode.swift; path = MailViewController.swift; sourceTree = "<group>"; };
		D9A4D3B61D08584700931AB6 /* LawsonTableViewController.swift */ = {isa = PBXFileReference; fileEncoding = 4; lastKnownFileType = sourcecode.swift; path = LawsonTableViewController.swift; sourceTree = "<group>"; };
		D9D4C9A21CFCCA2E000591D5 /* DeviceInfoViewController.swift */ = {isa = PBXFileReference; fileEncoding = 4; lastKnownFileType = sourcecode.swift; name = DeviceInfoViewController.swift; path = ../DeviceInfoViewController.swift; sourceTree = "<group>"; };
		D9D4C9A61CFCDB92000591D5 /* Captuvo */ = {isa = PBXFileReference; lastKnownFileType = folder; path = Captuvo; sourceTree = "<group>"; };
		D9D4C9A91CFCDEB1000591D5 /* libCaptuvoSDK.a */ = {isa = PBXFileReference; lastKnownFileType = archive.ar; name = libCaptuvoSDK.a; path = Captuvo/libCaptuvoSDK.a; sourceTree = "<group>"; };
		D9D4C9AB1CFCDF45000591D5 /* ExternalAccessory.framework */ = {isa = PBXFileReference; lastKnownFileType = wrapper.framework; name = ExternalAccessory.framework; path = System/Library/Frameworks/ExternalAccessory.framework; sourceTree = SDKROOT; };
		D9D6F1641D09F17100A1D959 /* SessionTableViewCell.swift */ = {isa = PBXFileReference; fileEncoding = 4; lastKnownFileType = sourcecode.swift; path = SessionTableViewCell.swift; sourceTree = "<group>"; };
		D9E59EC11D09E5BA00B87C3E /* SessionTableViewController.swift */ = {isa = PBXFileReference; fileEncoding = 4; lastKnownFileType = sourcecode.swift; path = SessionTableViewController.swift; sourceTree = "<group>"; };
		D9E59EC31D09E85100B87C3E /* Session.swift */ = {isa = PBXFileReference; fileEncoding = 4; lastKnownFileType = sourcecode.swift; path = Session.swift; sourceTree = "<group>"; };
		D9E75CDF1CFF580E005D8164 /* Quick-Scan-Bridging-Header.h */ = {isa = PBXFileReference; lastKnownFileType = sourcecode.c.h; path = "Quick-Scan-Bridging-Header.h"; sourceTree = "<group>"; };
		D9FA84EB1CF8A616009C5ECC /* Quick Scan.app */ = {isa = PBXFileReference; explicitFileType = wrapper.application; includeInIndex = 0; path = "Quick Scan.app"; sourceTree = BUILT_PRODUCTS_DIR; };
		D9FA84EE1CF8A616009C5ECC /* AppDelegate.swift */ = {isa = PBXFileReference; lastKnownFileType = sourcecode.swift; path = AppDelegate.swift; sourceTree = "<group>"; };
		D9FA84F01CF8A616009C5ECC /* ViewController.swift */ = {isa = PBXFileReference; lastKnownFileType = sourcecode.swift; path = ViewController.swift; sourceTree = "<group>"; };
		D9FA84F31CF8A616009C5ECC /* Base */ = {isa = PBXFileReference; lastKnownFileType = file.storyboard; name = Base; path = Base.lproj/Main.storyboard; sourceTree = "<group>"; };
		D9FA84F51CF8A616009C5ECC /* Assets.xcassets */ = {isa = PBXFileReference; lastKnownFileType = folder.assetcatalog; path = Assets.xcassets; sourceTree = "<group>"; };
		D9FA84F81CF8A616009C5ECC /* Base */ = {isa = PBXFileReference; lastKnownFileType = file.storyboard; name = Base; path = Base.lproj/LaunchScreen.storyboard; sourceTree = "<group>"; };
		D9FA84FA1CF8A616009C5ECC /* Info.plist */ = {isa = PBXFileReference; lastKnownFileType = text.plist.xml; path = Info.plist; sourceTree = "<group>"; };
		D9FA84FF1CF8A616009C5ECC /* Quick ScanTests.xctest */ = {isa = PBXFileReference; explicitFileType = wrapper.cfbundle; includeInIndex = 0; path = "Quick ScanTests.xctest"; sourceTree = BUILT_PRODUCTS_DIR; };
		D9FA85031CF8A616009C5ECC /* Quick_ScanTests.swift */ = {isa = PBXFileReference; lastKnownFileType = sourcecode.swift; path = Quick_ScanTests.swift; sourceTree = "<group>"; };
		D9FA85051CF8A616009C5ECC /* Info.plist */ = {isa = PBXFileReference; lastKnownFileType = text.plist.xml; path = Info.plist; sourceTree = "<group>"; };
		D9FA850E1CF8CE4E009C5ECC /* Device.swift */ = {isa = PBXFileReference; fileEncoding = 4; lastKnownFileType = sourcecode.swift; path = Device.swift; sourceTree = "<group>"; };
		D9FA85121CF8ECAB009C5ECC /* DeviceTableViewController.swift */ = {isa = PBXFileReference; fileEncoding = 4; lastKnownFileType = sourcecode.swift; path = DeviceTableViewController.swift; sourceTree = "<group>"; };
		D9FA85141CF8F584009C5ECC /* DeviceTableViewCell.swift */ = {isa = PBXFileReference; fileEncoding = 4; lastKnownFileType = sourcecode.swift; path = DeviceTableViewCell.swift; sourceTree = "<group>"; };
/* End PBXFileReference section */

/* Begin PBXFrameworksBuildPhase section */
		D9FA84E81CF8A616009C5ECC /* Frameworks */ = {
			isa = PBXFrameworksBuildPhase;
			buildActionMask = 2147483647;
			files = (
				D9D4C9AC1CFCDF45000591D5 /* ExternalAccessory.framework in Frameworks */,
				D9D4C9AA1CFCDEB1000591D5 /* libCaptuvoSDK.a in Frameworks */,
			);
			runOnlyForDeploymentPostprocessing = 0;
		};
		D9FA84FC1CF8A616009C5ECC /* Frameworks */ = {
			isa = PBXFrameworksBuildPhase;
			buildActionMask = 2147483647;
			files = (
			);
			runOnlyForDeploymentPostprocessing = 0;
		};
/* End PBXFrameworksBuildPhase section */

/* Begin PBXGroup section */
		D9FA84E21CF8A616009C5ECC = {
			isa = PBXGroup;
			children = (
				D9D4C9A61CFCDB92000591D5 /* Captuvo */,
				D9D4C9A91CFCDEB1000591D5 /* libCaptuvoSDK.a */,
				D9D4C9AB1CFCDF45000591D5 /* ExternalAccessory.framework */,
				D924F08D1CFDFBE600D0BB6D /* Captuvo.h */,
				D9FA84EC1CF8A616009C5ECC /* Products */,
				D9FA84ED1CF8A616009C5ECC /* Quick Scan */,
				D9FA85021CF8A616009C5ECC /* Quick ScanTests */,
			);
			sourceTree = "<group>";
		};
		D9FA84EC1CF8A616009C5ECC /* Products */ = {
			isa = PBXGroup;
			children = (
				D9FA84EB1CF8A616009C5ECC /* Quick Scan.app */,
				D9FA84FF1CF8A616009C5ECC /* Quick ScanTests.xctest */,
			);
			name = Products;
			sourceTree = "<group>";
		};
		D9FA84ED1CF8A616009C5ECC /* Quick Scan */ = {
			isa = PBXGroup;
			children = (
				D9E75CDF1CFF580E005D8164 /* Quick-Scan-Bridging-Header.h */,
				D9FA84FA1CF8A616009C5ECC /* Info.plist */,
				D9FA84EE1CF8A616009C5ECC /* AppDelegate.swift */,
				D9208CE31D075511009E4C6F /* BuildingTableViewController.swift */,
				D937FAD41D070500008598DC /* CityTableViewController.swift */,
				D9208CE11D075029009E4C6F /* CompanyTableViewController.swift */,
				D9208CE51D07551D009E4C6F /* DepartmentTableViewController.swift */,
				D9FA850E1CF8CE4E009C5ECC /* Device.swift */,
				D9D4C9A21CFCCA2E000591D5 /* DeviceInfoViewController.swift */,
				D9FA85141CF8F584009C5ECC /* DeviceTableViewCell.swift */,
				D9FA85121CF8ECAB009C5ECC /* DeviceTableViewController.swift */,
				D9A4D3B61D08584700931AB6 /* LawsonTableViewController.swift */,
				D937FAD21D061BDD008598DC /* LocationTableViewCell.swift */,
				D9906E2A1D11A101009F8B36 /* MailViewController.swift */,
				D9E59EC31D09E85100B87C3E /* Session.swift */,
				D9D6F1641D09F17100A1D959 /* SessionTableViewCell.swift */,
				D9E59EC11D09E5BA00B87C3E /* SessionTableViewController.swift */,
				D9FA84F01CF8A616009C5ECC /* ViewController.swift */,
				D9FA84F51CF8A616009C5ECC /* Assets.xcassets */,
				D9FA84F71CF8A616009C5ECC /* LaunchScreen.storyboard */,
				D9FA84F21CF8A616009C5ECC /* Main.storyboard */,
			);
			path = "Quick Scan";
			sourceTree = "<group>";
		};
		D9FA85021CF8A616009C5ECC /* Quick ScanTests */ = {
			isa = PBXGroup;
			children = (
				D9FA85031CF8A616009C5ECC /* Quick_ScanTests.swift */,
				D9FA85051CF8A616009C5ECC /* Info.plist */,
			);
			path = "Quick ScanTests";
			sourceTree = "<group>";
		};
/* End PBXGroup section */

/* Begin PBXNativeTarget section */
		D9FA84EA1CF8A616009C5ECC /* Quick Scan */ = {
			isa = PBXNativeTarget;
			buildConfigurationList = D9FA85081CF8A616009C5ECC /* Build configuration list for PBXNativeTarget "Quick Scan" */;
			buildPhases = (
				D9FA84E71CF8A616009C5ECC /* Sources */,
				D9FA84E81CF8A616009C5ECC /* Frameworks */,
				D9FA84E91CF8A616009C5ECC /* Resources */,
			);
			buildRules = (
			);
			dependencies = (
			);
			name = "Quick Scan";
			productName = "Quick Scan";
			productReference = D9FA84EB1CF8A616009C5ECC /* Quick Scan.app */;
			productType = "com.apple.product-type.application";
		};
		D9FA84FE1CF8A616009C5ECC /* Quick ScanTests */ = {
			isa = PBXNativeTarget;
			buildConfigurationList = D9FA850B1CF8A616009C5ECC /* Build configuration list for PBXNativeTarget "Quick ScanTests" */;
			buildPhases = (
				D9FA84FB1CF8A616009C5ECC /* Sources */,
				D9FA84FC1CF8A616009C5ECC /* Frameworks */,
				D9FA84FD1CF8A616009C5ECC /* Resources */,
			);
			buildRules = (
			);
			dependencies = (
				D9FA85011CF8A616009C5ECC /* PBXTargetDependency */,
			);
			name = "Quick ScanTests";
			productName = "Quick ScanTests";
			productReference = D9FA84FF1CF8A616009C5ECC /* Quick ScanTests.xctest */;
			productType = "com.apple.product-type.bundle.unit-test";
		};
/* End PBXNativeTarget section */

/* Begin PBXProject section */
		D9FA84E31CF8A616009C5ECC /* Project object */ = {
			isa = PBXProject;
			attributes = {
				LastSwiftUpdateCheck = 0730;
				LastUpgradeCheck = 0730;
				ORGANIZATIONNAME = FMOLHS;
				TargetAttributes = {
					D9FA84EA1CF8A616009C5ECC = {
						CreatedOnToolsVersion = 7.3.1;
						DevelopmentTeam = E2T9QHRDPX;
					};
					D9FA84FE1CF8A616009C5ECC = {
						CreatedOnToolsVersion = 7.3.1;
						TestTargetID = D9FA84EA1CF8A616009C5ECC;
					};
				};
			};
			buildConfigurationList = D9FA84E61CF8A616009C5ECC /* Build configuration list for PBXProject "Quick Scan" */;
			compatibilityVersion = "Xcode 3.2";
			developmentRegion = English;
			hasScannedForEncodings = 0;
			knownRegions = (
				en,
				Base,
			);
			mainGroup = D9FA84E21CF8A616009C5ECC;
			productRefGroup = D9FA84EC1CF8A616009C5ECC /* Products */;
			projectDirPath = "";
			projectRoot = "";
			targets = (
				D9FA84EA1CF8A616009C5ECC /* Quick Scan */,
				D9FA84FE1CF8A616009C5ECC /* Quick ScanTests */,
			);
		};
/* End PBXProject section */

/* Begin PBXResourcesBuildPhase section */
		D9FA84E91CF8A616009C5ECC /* Resources */ = {
			isa = PBXResourcesBuildPhase;
			buildActionMask = 2147483647;
			files = (
				D9FA84F91CF8A616009C5ECC /* LaunchScreen.storyboard in Resources */,
				D9D4C9A71CFCDB92000591D5 /* Captuvo in Resources */,
				D9FA84F61CF8A616009C5ECC /* Assets.xcassets in Resources */,
				D9FA84F41CF8A616009C5ECC /* Main.storyboard in Resources */,
			);
			runOnlyForDeploymentPostprocessing = 0;
		};
		D9FA84FD1CF8A616009C5ECC /* Resources */ = {
			isa = PBXResourcesBuildPhase;
			buildActionMask = 2147483647;
			files = (
				D9D4C9A81CFCDB92000591D5 /* Captuvo in Resources */,
			);
			runOnlyForDeploymentPostprocessing = 0;
		};
/* End PBXResourcesBuildPhase section */

/* Begin PBXSourcesBuildPhase section */
		D9FA84E71CF8A616009C5ECC /* Sources */ = {
			isa = PBXSourcesBuildPhase;
			buildActionMask = 2147483647;
			files = (
				D9FA85151CF8F584009C5ECC /* DeviceTableViewCell.swift in Sources */,
				D9208CE41D075511009E4C6F /* BuildingTableViewController.swift in Sources */,
				D9208CE61D07551D009E4C6F /* DepartmentTableViewController.swift in Sources */,
				D9A4D3B71D08584700931AB6 /* LawsonTableViewController.swift in Sources */,
				D9208CE21D075029009E4C6F /* CompanyTableViewController.swift in Sources */,
				D9906E2B1D11A101009F8B36 /* MailViewController.swift in Sources */,
				D9E59EC41D09E85100B87C3E /* Session.swift in Sources */,
				D9FA850F1CF8CE4E009C5ECC /* Device.swift in Sources */,
				D9D4C9A31CFCCA2E000591D5 /* DeviceInfoViewController.swift in Sources */,
				D9E59EC21D09E5BA00B87C3E /* SessionTableViewController.swift in Sources */,
				D937FAD31D061BDD008598DC /* LocationTableViewCell.swift in Sources */,
				D937FAD51D070500008598DC /* CityTableViewController.swift in Sources */,
				D9FA85131CF8ECAB009C5ECC /* DeviceTableViewController.swift in Sources */,
				D9D6F1651D09F17100A1D959 /* SessionTableViewCell.swift in Sources */,
				D9FA84F11CF8A616009C5ECC /* ViewController.swift in Sources */,
				D9FA84EF1CF8A616009C5ECC /* AppDelegate.swift in Sources */,
			);
			runOnlyForDeploymentPostprocessing = 0;
		};
		D9FA84FB1CF8A616009C5ECC /* Sources */ = {
			isa = PBXSourcesBuildPhase;
			buildActionMask = 2147483647;
			files = (
				D9FA85041CF8A616009C5ECC /* Quick_ScanTests.swift in Sources */,
			);
			runOnlyForDeploymentPostprocessing = 0;
		};
/* End PBXSourcesBuildPhase section */

/* Begin PBXTargetDependency section */
		D9FA85011CF8A616009C5ECC /* PBXTargetDependency */ = {
			isa = PBXTargetDependency;
			target = D9FA84EA1CF8A616009C5ECC /* Quick Scan */;
			targetProxy = D9FA85001CF8A616009C5ECC /* PBXContainerItemProxy */;
		};
/* End PBXTargetDependency section */

/* Begin PBXVariantGroup section */
		D9FA84F21CF8A616009C5ECC /* Main.storyboard */ = {
			isa = PBXVariantGroup;
			children = (
				D9FA84F31CF8A616009C5ECC /* Base */,
			);
			name = Main.storyboard;
			sourceTree = "<group>";
		};
		D9FA84F71CF8A616009C5ECC /* LaunchScreen.storyboard */ = {
			isa = PBXVariantGroup;
			children = (
				D9FA84F81CF8A616009C5ECC /* Base */,
			);
			name = LaunchScreen.storyboard;
			sourceTree = "<group>";
		};
/* End PBXVariantGroup section */

/* Begin XCBuildConfiguration section */
		D9FA85061CF8A616009C5ECC /* Debug */ = {
			isa = XCBuildConfiguration;
			buildSettings = {
				ALWAYS_SEARCH_USER_PATHS = NO;
				CLANG_ANALYZER_NONNULL = YES;
				CLANG_CXX_LANGUAGE_STANDARD = "gnu++0x";
				CLANG_CXX_LIBRARY = "libc++";
				CLANG_ENABLE_MODULES = YES;
				CLANG_ENABLE_OBJC_ARC = YES;
				CLANG_WARN_BOOL_CONVERSION = YES;
				CLANG_WARN_CONSTANT_CONVERSION = YES;
				CLANG_WARN_DIRECT_OBJC_ISA_USAGE = YES_ERROR;
				CLANG_WARN_EMPTY_BODY = YES;
				CLANG_WARN_ENUM_CONVERSION = YES;
				CLANG_WARN_INT_CONVERSION = YES;
				CLANG_WARN_OBJC_ROOT_CLASS = YES_ERROR;
				CLANG_WARN_UNREACHABLE_CODE = YES;
				CLANG_WARN__DUPLICATE_METHOD_MATCH = YES;
				"CODE_SIGN_IDENTITY[sdk=iphoneos*]" = "iPhone Developer";
				COPY_PHASE_STRIP = NO;
				DEBUG_INFORMATION_FORMAT = dwarf;
				ENABLE_STRICT_OBJC_MSGSEND = YES;
				ENABLE_TESTABILITY = YES;
				GCC_C_LANGUAGE_STANDARD = gnu99;
				GCC_DYNAMIC_NO_PIC = NO;
				GCC_NO_COMMON_BLOCKS = YES;
				GCC_OPTIMIZATION_LEVEL = 0;
				GCC_PREPROCESSOR_DEFINITIONS = (
					"DEBUG=1",
					"$(inherited)",
				);
				GCC_WARN_64_TO_32_BIT_CONVERSION = YES;
				GCC_WARN_ABOUT_RETURN_TYPE = YES_ERROR;
				GCC_WARN_UNDECLARED_SELECTOR = YES;
				GCC_WARN_UNINITIALIZED_AUTOS = YES_AGGRESSIVE;
				GCC_WARN_UNUSED_FUNCTION = YES;
				GCC_WARN_UNUSED_VARIABLE = YES;
				IPHONEOS_DEPLOYMENT_TARGET = 9.3;
				MTL_ENABLE_DEBUG_INFO = YES;
				ONLY_ACTIVE_ARCH = YES;
				OTHER_LDFLAGS = "-ObjC";
				SDKROOT = iphoneos;
				SWIFT_OPTIMIZATION_LEVEL = "-Onone";
				USER_HEADER_SEARCH_PATHS = "";
			};
			name = Debug;
		};
		D9FA85071CF8A616009C5ECC /* Release */ = {
			isa = XCBuildConfiguration;
			buildSettings = {
				ALWAYS_SEARCH_USER_PATHS = NO;
				CLANG_ANALYZER_NONNULL = YES;
				CLANG_CXX_LANGUAGE_STANDARD = "gnu++0x";
				CLANG_CXX_LIBRARY = "libc++";
				CLANG_ENABLE_MODULES = YES;
				CLANG_ENABLE_OBJC_ARC = YES;
				CLANG_WARN_BOOL_CONVERSION = YES;
				CLANG_WARN_CONSTANT_CONVERSION = YES;
				CLANG_WARN_DIRECT_OBJC_ISA_USAGE = YES_ERROR;
				CLANG_WARN_EMPTY_BODY = YES;
				CLANG_WARN_ENUM_CONVERSION = YES;
				CLANG_WARN_INT_CONVERSION = YES;
				CLANG_WARN_OBJC_ROOT_CLASS = YES_ERROR;
				CLANG_WARN_UNREACHABLE_CODE = YES;
				CLANG_WARN__DUPLICATE_METHOD_MATCH = YES;
				"CODE_SIGN_IDENTITY[sdk=iphoneos*]" = "iPhone Developer";
				COPY_PHASE_STRIP = NO;
				DEBUG_INFORMATION_FORMAT = "dwarf-with-dsym";
				ENABLE_NS_ASSERTIONS = NO;
				ENABLE_STRICT_OBJC_MSGSEND = YES;
				GCC_C_LANGUAGE_STANDARD = gnu99;
				GCC_NO_COMMON_BLOCKS = YES;
				GCC_WARN_64_TO_32_BIT_CONVERSION = YES;
				GCC_WARN_ABOUT_RETURN_TYPE = YES_ERROR;
				GCC_WARN_UNDECLARED_SELECTOR = YES;
				GCC_WARN_UNINITIALIZED_AUTOS = YES_AGGRESSIVE;
				GCC_WARN_UNUSED_FUNCTION = YES;
				GCC_WARN_UNUSED_VARIABLE = YES;
				IPHONEOS_DEPLOYMENT_TARGET = 9.3;
				MTL_ENABLE_DEBUG_INFO = NO;
				OTHER_LDFLAGS = "-ObjC";
				SDKROOT = iphoneos;
				USER_HEADER_SEARCH_PATHS = "";
				VALIDATE_PRODUCT = YES;
			};
			name = Release;
		};
		D9FA85091CF8A616009C5ECC /* Debug */ = {
			isa = XCBuildConfiguration;
			buildSettings = {
				ASSETCATALOG_COMPILER_APPICON_NAME = AppIcon;
				CODE_SIGN_IDENTITY = "iPhone Developer";
				"CODE_SIGN_IDENTITY[sdk=iphoneos*]" = "iPhone Developer";
				HEADER_SEARCH_PATHS = "$(BUILT_PRODUCTS_DIR)";
				INFOPLIST_FILE = "Quick Scan/Info.plist";
				LD_RUNPATH_SEARCH_PATHS = "$(inherited) @executable_path/Frameworks";
				LIBRARY_SEARCH_PATHS = (
					"$(inherited)",
					"$(PROJECT_DIR)/Captuvo",
				);
				PRODUCT_BUNDLE_IDENTIFIER = "FMOLHS.Quick-Scan";
				PRODUCT_NAME = "$(TARGET_NAME)";
				PROVISIONING_PROFILE = "";
				SWIFT_OBJC_BRIDGING_HEADER = "Quick Scan/Quick-Scan-Bridging-Header.h";
			};
			name = Debug;
		};
		D9FA850A1CF8A616009C5ECC /* Release */ = {
			isa = XCBuildConfiguration;
			buildSettings = {
				ASSETCATALOG_COMPILER_APPICON_NAME = AppIcon;
				CODE_SIGN_IDENTITY = "iPhone Developer";
				"CODE_SIGN_IDENTITY[sdk=iphoneos*]" = "iPhone Developer";
				HEADER_SEARCH_PATHS = "$(BUILT_PRODUCTS_DIR)";
				INFOPLIST_FILE = "Quick Scan/Info.plist";
				LD_RUNPATH_SEARCH_PATHS = "$(inherited) @executable_path/Frameworks";
				LIBRARY_SEARCH_PATHS = (
					"$(inherited)",
					"$(PROJECT_DIR)/Captuvo",
				);
				PRODUCT_BUNDLE_IDENTIFIER = "FMOLHS.Quick-Scan";
				PRODUCT_NAME = "$(TARGET_NAME)";
				PROVISIONING_PROFILE = "";
				SWIFT_OBJC_BRIDGING_HEADER = "Quick Scan/Quick-Scan-Bridging-Header.h";
			};
			name = Release;
		};
		D9FA850C1CF8A616009C5ECC /* Debug */ = {
			isa = XCBuildConfiguration;
			buildSettings = {
				BUNDLE_LOADER = "$(TEST_HOST)";
				INFOPLIST_FILE = "Quick ScanTests/Info.plist";
				LD_RUNPATH_SEARCH_PATHS = "$(inherited) @executable_path/Frameworks @loader_path/Frameworks";
				PRODUCT_BUNDLE_IDENTIFIER = "FMOLHS.Quick-ScanTests";
				PRODUCT_NAME = "$(TARGET_NAME)";
				TEST_HOST = "$(BUILT_PRODUCTS_DIR)/Quick Scan.app/Quick Scan";
			};
			name = Debug;
		};
		D9FA850D1CF8A616009C5ECC /* Release */ = {
			isa = XCBuildConfiguration;
			buildSettings = {
				BUNDLE_LOADER = "$(TEST_HOST)";
				INFOPLIST_FILE = "Quick ScanTests/Info.plist";
				LD_RUNPATH_SEARCH_PATHS = "$(inherited) @executable_path/Frameworks @loader_path/Frameworks";
				PRODUCT_BUNDLE_IDENTIFIER = "FMOLHS.Quick-ScanTests";
				PRODUCT_NAME = "$(TARGET_NAME)";
				TEST_HOST = "$(BUILT_PRODUCTS_DIR)/Quick Scan.app/Quick Scan";
			};
			name = Release;
		};
/* End XCBuildConfiguration section */

/* Begin XCConfigurationList section */
		D9FA84E61CF8A616009C5ECC /* Build configuration list for PBXProject "Quick Scan" */ = {
			isa = XCConfigurationList;
			buildConfigurations = (
				D9FA85061CF8A616009C5ECC /* Debug */,
				D9FA85071CF8A616009C5ECC /* Release */,
			);
			defaultConfigurationIsVisible = 0;
			defaultConfigurationName = Release;
		};
		D9FA85081CF8A616009C5ECC /* Build configuration list for PBXNativeTarget "Quick Scan" */ = {
			isa = XCConfigurationList;
			buildConfigurations = (
				D9FA85091CF8A616009C5ECC /* Debug */,
				D9FA850A1CF8A616009C5ECC /* Release */,
			);
			defaultConfigurationIsVisible = 0;
			defaultConfigurationName = Release;
		};
		D9FA850B1CF8A616009C5ECC /* Build configuration list for PBXNativeTarget "Quick ScanTests" */ = {
			isa = XCConfigurationList;
			buildConfigurations = (
				D9FA850C1CF8A616009C5ECC /* Debug */,
				D9FA850D1CF8A616009C5ECC /* Release */,
			);
			defaultConfigurationIsVisible = 0;
			defaultConfigurationName = Release;
		};
/* End XCConfigurationList section */
	};
	rootObject = D9FA84E31CF8A616009C5ECC /* Project object */;
}
